github.com/tabnas/abnf/go v0.4.22 h1:0x65mpfmdr3rsUfEiNgPcW650lkAT3wkmFO0WFllZrU=
github.com/tabnas/abnf/go v0.4.22/go.mod h1:HQQjQG3svZ8b79tFJY8ZQXb0XPfdcZK6IljarCt2D5s=
github.com/tabnas/alchemy/go v0.2.6 h1:FutLx80bNmJAzyMo5N3ADmRMBsOFRT9YJKgjHaK/ijE=
github.com/tabnas/alchemy/go v0.2.6/go.mod h1:mFmEy3bKQpBrUR1I7f/dD5j7qokXEwECZ0Aj9dD+49A=
github.com/tabnas/bnf/go v0.1.28 h1:FmMQQJvUVA8qYae3dtWkXF0sCRSPkxjylwsvtVJPCic=
github.com/tabnas/bnf/go v0.1.28/go.mod h1:Fzy4TKocWsOWC3zmR8WNMWiC9klsvh1ZW1zv0bYCtec=
github.com/tabnas/c/go v0.5.14 h1:+V+mcmJNEPeLoqEzLIWsWEdQXsLM5i928Akh1Voj8uc=
github.com/tabnas/c/go v0.5.14/go.mod h1:lqaQfcPqsDeh0KP59D3ATxy4nhlgEi3w8vrp664TAoc=
github.com/tabnas/chess/go v0.1.14 h1:wKfcpv0SURSUpLrsfwvloufuwJRniC5t+jVhyY+PDPU=
github.com/tabnas/chess/go v0.1.14/go.mod h1:TT69Eig3nCOiFtLkBN2e6eLGoW5CJSQ3HGl4Dae8BEs=
github.com/tabnas/css/go v0.5.14 h1:E3mcspPWsP3Au3jqtvJaHBJcoeiEsFEROfBc5cL39zs=
github.com/tabnas/css/go v0.5.14/go.mod h1:iu2LlLFRrEUni99VF1zgiJlaD4LDVNoFPcYTltsJRPw=
github.com/tabnas/csv/go v0.6.6 h1:XM6DW90o1tiSefUAV4zvlvIl/ZGFY/seJhMaWP3f26s=
github.com/tabnas/csv/go v0.6.6/go.mod h1:92v3CBtKn3Ri2pn3DKbT0Ah2JAYQh3gcuP7yjLA6bDg=
github.com/tabnas/debug/go v0.3.13 h1:Y4iIyMVftR6uZgOYmVmWy9WpWeAsYHNF4UwIuIqp1bg=
github.com/tabnas/debug/go v0.3.13/go.mod h1:tfu9bTyKlwrYdmKItt6LrGKKckCrWcNCrHMGzSxMcbM=
github.com/tabnas/ebnf/go v0.1.16 h1:PKYnuHcRWxNYo49h0hrNu8EzQUjpvQSmY91xK5DJ2Dg=
github.com/tabnas/ebnf/go v0.1.16/go.mod h1:PbvhCfUZYnMDbxnwLfQuxqyEdbcL/7qmTnHVZjvSTYk=
github.com/tabnas/expr/go v0.5.17 h1:AqTqRUKWVy58BEJQf4xwRj0HtD9J1gupmtAL2Esy3iw=
github.com/tabnas/expr/go v0.5.17/go.mod h1:c052DEOadjP1QucjL3Qppx8XS95E6XoPqswdO7Hjbw0=
github.com/tabnas/feed/go v0.6.16 h1:bbpM9YocwRj/d4OpokAlRgtijsleThqH07fID7ggLGM=
github.com/tabnas/feed/go v0.6.16/go.mod h1:RTOebAd3SQ+9LjmCSqifhpRCZWOVMMBGVCGgB9pKeiM=
github.com/tabnas/gbnf/go v0.1.18 h1:QMqbAQ0FAUuX1zZ63FFsDDpwwKNenHASHgB6vScloOk=
github.com/tabnas/gbnf/go v0.1.18/go.mod h1:or+iFipxDiOAR9yfVuw/3uxYubwL5X2ixNIc6ahQ1Pg=
github.com/tabnas/hoover/go v0.3.14 h1:4GxBwo4ktLMSXBlkibQRNv7SanaWwRJ4kFZj5lQc1m0=
github.com/tabnas/hoover/go v0.3.14/go.mod h1:FB/9Zpm0JynFdXZHFUvANyzFgBN+X+pUU3mXJW4Gi4c=
github.com/tabnas/ini/go v0.5.19 h1:xurhzJkCW/VncmImhjd6b+6DoQkcuMw4dK40O7zvUeM=
github.com/tabnas/ini/go v0.5.19/go.mod h1:1ESwUy+1a8h7H7nznM7R8BtJhBwh6Yd4QWUZlbb5eaM=
github.com/tabnas/json/go v0.5.17 h1:BkcSTiWs8N0gBrIXZ9D4WD/zibNuB+FMzOmJJXuW7vw=
github.com/tabnas/json/go v0.5.17/go.mod h1:/qUygHwLn6MsT18aRarklm7oAKXmED51FXpn7oZhSYo=
github.com/tabnas/json5/go v0.5.15 h1:elVTvEUHNA0wAhVKeBSni0yurpvO7l9Zo6+ABwCJapA=
github.com/tabnas/json5/go v0.5.15/go.mod h1:dpxtTCZcmMe8r1cqyGwYmI1KeyDTacVpTjWdOrHiYy0=
github.com/tabnas/jsonc/go v0.5.14 h1:gZ4VvWdRxBW9dK4adws5Pw9oU7KqZnXOKVCO7vijDAE=
github.com/tabnas/jsonc/go v0.5.14/go.mod h1:PitE1BUMEgna3WNtTg5vFnJwXJAkLZq95YnwGz/ItYo=
github.com/tabnas/jsonic/go v0.7.9 h1:Aev5BnnHwE/c45NzwAwfMbgXpRRBpV6a5tYvchfaems=
github.com/tabnas/jsonic/go v0.7.9/go.mod h1:O2j5bkytUWxE5kMpcnNQbuhzRp5TU904LZpoEbvvRD8=
github.com/tabnas/jsonl/go v0.1.16 h1:b9H3AYaAr/sj6FWZW1Z3O9yvN0GFwDejs53FDlRZnpw=
github.com/tabnas/jsonl/go v0.1.16/go.mod h1:TKTv32IG0+8Ex9Y9M+rPwt6XA+tQnqftDBvabIKjcw0=
github.com/tabnas/markdown/go v0.7.12 h1:Qp9eubeipzVOifOfoxsEGFlhvZB6ATqZHofoTVu4bUk=
github.com/tabnas/markdown/go v0.7.12/go.mod h1:5yYSem8hetMWJLGXMGg/zStYpW9kMs080dw0JtQ+rk0=
github.com/tabnas/parser/go v0.12.11 h1:69KjAK/5qz1i4AcplOJltR6GGYxgxDsMxz6dGXI+5cQ=
github.com/tabnas/parser/go v0.12.11/go.mod h1:WrlfEVyZ1QjEIowWiyEu3K1iHj7wxuPut5zoH9Trehk=
github.com/tabnas/proto/go v0.6.8 h1:QlJ0CpMuTsohmxdNBB0ydvM63D47p3Mz6MHm9PXj2KY=
github.com/tabnas/proto/go v0.6.8/go.mod h1:9Q4lXdAuY/qQATrRhUVIlQNL8ePuRfwWBokMHiwyzWk=
github.com/tabnas/render/go v0.2.4 h1:e/SaxIitswTGnkoFuzCs9uf0S9EjLm7c3NKXZIE5UWU=
github.com/tabnas/render/go v0.2.4/go.mod h1:uqnG2OckseFAWPxdIpYACa2bt8stW99G6clCgzlez9A=
github.com/tabnas/semver/go v0.0.10 h1:kfd/xJuEXry/UH5P82nGAZ9YyKFQt7Dm9iBFzSHZLb8=
github.com/tabnas/semver/go v0.0.10/go.mod h1:wtcbx6i8PcDdO7WRZm5nGgUYjScxiA8L4CcgT58kReU=
github.com/tabnas/support/go v0.3.9 h1:tGaoMTNnPrBw9rtRqQZDmvHpkFgMiMzr3BibEKrtZkc=
github.com/tabnas/support/go v0.3.9/go.mod h1:q+EGPO8fRFQAYDwRHFH4lafD5l5W/NCdY8vhN9IJOkY=
github.com/tabnas/toml/go v0.5.17 h1:gyfuTg1e1OZFY33qyosyhUtPznK0Enf8xC2OTPtjf10=
github.com/tabnas/toml/go v0.5.17/go.mod h1:r0osB/zd7BiTpAvnv+YoCfNVCALz4Kz+nUpq6SnT/Rw=
github.com/tabnas/transduce/go v0.2.7 h1:BofNotYUkYXkhf4lm0oJNuWYi82Z1/Y8D8HdRL514nI=
github.com/tabnas/transduce/go v0.2.7/go.mod h1:8fIegumagW1AusU96SWf1bxXnNrnRWcx05oHaUl9ziI=
github.com/tabnas/xml/go v0.7.17 h1:73sgCMI+LWK6T4sR1KU3VO2Eu84UyBcNFddvOzTgS58=
github.com/tabnas/xml/go v0.7.17/go.mod h1:NKRX7iq9bdvlhRbnmzktSCnyefuvHjnYhs5n6WbKFSs=
github.com/tabnas/yaml/go v0.5.23 h1:hOc3mm4fB+r+n6fq2HwSKC3uLR64sBTVX5gCyfw8U6s=
github.com/tabnas/yaml/go v0.5.23/go.mod h1:zMnVwfHLqPjbNg/qv8+iLkDOJ7iAuz0C1hGDjD1WLHM=
github.com/tabnas/zon/go v0.5.16 h1:tWPWZfmy86xnOk71F7Q2Ycd+3De9eik4ng4+T2qaHlU=
github.com/tabnas/zon/go v0.5.16/go.mod h1:jVsAPF4k0yjPpbeJqJvM2qDAGZDXbMP/SHL4e6nuZJg=
